{
  "name": "loopback-mixin-slug",
  "version": "1.0.13",
  "lockfileVersion": 1,
  "requires": true,
  "dependencies": {
    "lodash": {
      "version": "4.17.19",
      "resolved": "https://registry.npmjs.org/lodash/-/lodash-4.17.19.tgz",
      "integrity": "sha512-JNvd8XER9GQX0v2qJgsaN/mzFCNA5BRe/j8JN9d+tWyGLSodKQHKFicdwNYzWwI3wjRnaKPsGj1XkBjx/F96DQ=="
    },
    "mui-wrapper-utils": {
      "version": "git+ssh://git-codecommit.ap-southeast-1.amazonaws.com/v1/repos/MUIWrapperUtils#3f2fc025d4b93020a49d015264f1371f6653724f",
      "from": "git+ssh://git-codecommit.ap-southeast-1.amazonaws.com/v1/repos/MUIWrapperUtils#master"
    }
  }
}
